{
    "_meta": {
        "hash": {
            "sha256": "72ccae54bfc501ec66d5c85a4ec70bcbc28d3e8e2681cfe17a5cbf87630400aa"
        },
        "pipfile-spec": 6,
        "requires": {
            "python_version": "3.7"
        },
        "sources": [
            {
                "name": "pypi",
                "url": "https://pypi.org/simple",
                "verify_ssl": true
            }
        ]
    },
    "default": {
        "certifi": {
            "hashes": [
                "sha256:2bbf76fd432960138b3ef6dda3dde0544f27cbf8546c458e60baf371917ba9ee",
                "sha256:50b1e4f8446b06f41be7dd6338db18e0990601dce795c2b1686458aa7e8fa7d8"
            ],
            "version": "==2021.5.30"
        },
        "chardet": {
            "hashes": [
                "sha256:0d6f53a15db4120f2b08c94f11e7d93d2c911ee118b6b30a04ec3ee8310179fa",
                "sha256:f864054d66fd9118f2e67044ac8981a54775ec5b67aed0441892edb553d21da5"
            ],
            "version": "==4.0.0"
        },
        "deprecated": {
            "hashes": [
                "sha256:08452d69b6b5bc66e8330adde0a4f8642e969b9e1702904d137eeb29c8ffc771",
                "sha256:6d2de2de7931a968874481ef30208fd4e08da39177d61d3d4ebdf4366e7dbca1"
            ],
            "version": "==1.2.12"
        },
        "idna": {
            "hashes": [
                "sha256:b307872f855b18632ce0c21c5e45be78c0ea7ae4c15c828c20788b26921eb3f6",
                "sha256:b97d804b1e9b523befed77c48dacec60e6dcb0b5391d57af6a65a312a90648c0"
            ],
            "version": "==2.10"
        },
        "jsonlines": {
            "hashes": [
                "sha256:0ebd5b0c3efe0d4b5018b320fb0ee1a7b680ab39f6eb853715859f818d386cc8",
                "sha256:43b8d5588a9d4862c8a4a49580e38e20ec595aee7ad6fe469b10fb83fbefde88"
            ],
            "index": "pypi",
            "version": "==1.2.0"
        },
        "pygithub": {
            "hashes": [
                "sha256:2ce91d4990efbfb7a0a1abd06e2106a3998a4a5810a4bdd3c1b6be5499918e9b"
            ],
            "index": "pypi",
            "version": "==1.43.7"
        },
        "pyjwt": {
            "hashes": [
                "sha256:934d73fbba91b0483d3857d1aff50e96b2a892384ee2c17417ed3203f173fca1",
                "sha256:fba44e7898bbca160a2b2b501f492824fc8382485d3a6f11ba5d0c1937ce6130"
            ],
            "version": "==2.1.0"
        },
        "python-gitlab": {
            "hashes": [
                "sha256:92041e5d691a8301e39556a61ab429319fa9f968fdaabb502b943863a88ce455",
                "sha256:a6b03bc53f6e2e22b88d5ff9772b1bb360570ec82752f1def3d6eb60cda093e7"
            ],
            "index": "pypi",
            "version": "==1.8.0"
        },
        "requests": {
            "hashes": [
                "sha256:27973dd4a904a4f13b263a19c866c13b92a39ed1c964655f025f3f8d3d75b804",
                "sha256:c210084e36a42ae6b9219e00e48287def368a26d03a048ddad7bfee44f75871e"
            ],
            "version": "==2.25.1"
        },
        "six": {
            "hashes": [
                "sha256:1e61c37477a1626458e36f7b1d82aa5c9b094fa4802892072e49de9c60c4c926",
                "sha256:8abb2f1d86890a2dfb989f9a77cfcfd3e47c2a354b01111771326f8aa26e0254"
            ],
            "version": "==1.16.0"
        },
        "urllib3": {
            "hashes": [
                "sha256:753a0374df26658f99d826cfe40394a686d05985786d946fbe4165b5148f5a7c",
                "sha256:a7acd0977125325f516bda9735fa7142b909a8d01e8b2e4c8108d0984e6e0098"
            ],
            "index": "pypi",
            "version": "==1.26.5"
        },
        "wrapt": {
            "hashes": [
                "sha256:b62ffa81fb85f4332a4f609cab4ac40709470da05643a082ec1eb88e6d9b97d7"
            ],
            "version": "==1.12.1"
        }
    },
    "develop": {}
}
